<?xml version="1.0" encoding="utf-8"?>
<Project ToolsVersion="4.0" xmlns="http://schemas.microsoft.com/developer/msbuild/2003">
  <ItemGroup>
    <ClCompile Include="audio.cpp">
      <Filter>Source Files</Filter>
    </ClCompile>
    <ClCompile Include="entity.cpp">
      <Filter>Source Files</Filter>
    </ClCompile>
    <ClCompile Include="game.cpp">
      <Filter>Source Files</Filter>
    </ClCompile>
    <ClCompile Include="graphics.cpp">
      <Filter>Source Files</Filter>
    </ClCompile>
    <ClCompile Include="image.cpp">
      <Filter>Source Files</Filter>
    </ClCompile>
    <ClCompile Include="input.cpp">
      <Filter>Source Files</Filter>
    </ClCompile>
    <ClCompile Include="textDX.cpp">
      <Filter>Source Files</Filter>
    </ClCompile>
    <ClCompile Include="textureManager.cpp">
      <Filter>Source Files</Filter>
    </ClCompile>
    <ClCompile Include="winmain.cpp">
      <Filter>Source Files</Filter>
    </ClCompile>
    <ClCompile Include="mainMenu.cpp">
      <Filter>Source Files</Filter>
    </ClCompile>
    <ClCompile Include="cursor.cpp">
      <Filter>Source Files</Filter>
    </ClCompile>
    <ClCompile Include="background.cpp">
      <Filter>Source Files</Filter>
    </ClCompile>
    <ClCompile Include="fill.cpp">
      <Filter>Source Files</Filter>
    </ClCompile>
    <ClCompile Include="floor.cpp">
      <Filter>Source Files</Filter>
    </ClCompile>
    <ClCompile Include="hideout.cpp">
      <Filter>Source Files</Filter>
    </ClCompile>
    <ClCompile Include="horizontalLoader.cpp">
      <Filter>Source Files</Filter>
    </ClCompile>
    <ClCompile Include="ladder.cpp">
      <Filter>Source Files</Filter>
    </ClCompile>
    <ClCompile Include="stageGenerator.cpp">
      <Filter>Source Files</Filter>
    </ClCompile>
    <ClCompile Include="verticalLoader.cpp">
      <Filter>Source Files</Filter>
    </ClCompile>
    <ClCompile Include="bullet.cpp">
      <Filter>Source Files</Filter>
    </ClCompile>
    <ClCompile Include="assassinValkyrie.cpp">
      <Filter>Source Files</Filter>
    </ClCompile>
    <ClCompile Include="Player.cpp">
      <Filter>Source Files</Filter>
    </ClCompile>
    <ClCompile Include="arrow.cpp">
      <Filter>Source Files</Filter>
    </ClCompile>
    <ClCompile Include="weaponManager.cpp">
      <Filter>Source Files</Filter>
    </ClCompile>
    <ClCompile Include="levelLoader.cpp">
      <Filter>Source Files</Filter>
    </ClCompile>
    <ClCompile Include="stone.cpp">
      <Filter>Source Files</Filter>
    </ClCompile>
    <ClCompile Include="enemyState.cpp">
      <Filter>State Files\Enemy State</Filter>
    </ClCompile>
    <ClCompile Include="PlayerState.cpp">
      <Filter>State Files\Player State</Filter>
    </ClCompile>
    <ClCompile Include="enemy.cpp">
      <Filter>Source Files\Enemy</Filter>
    </ClCompile>
    <ClCompile Include="enemyBulletManager.cpp">
      <Filter>Source Files\Enemy</Filter>
    </ClCompile>
    <ClCompile Include="enemyManager.cpp">
      <Filter>Source Files\Enemy</Filter>
    </ClCompile>
    <ClCompile Include="fireBall.cpp">
      <Filter>Source Files\Enemy</Filter>
    </ClCompile>
    <ClCompile Include="gunner.cpp">
      <Filter>Source Files\Enemy</Filter>
    </ClCompile>
    <ClCompile Include="healthbar.cpp">
      <Filter>Source Files\Enemy</Filter>
    </ClCompile>
    <ClCompile Include="rayCasting.cpp">
      <Filter>Source Files\Enemy</Filter>
    </ClCompile>
    <ClCompile Include="serpant.cpp">
      <Filter>Source Files\Enemy</Filter>
    </ClCompile>
    <ClCompile Include="trooper.cpp">
      <Filter>Source Files\Enemy</Filter>
    </ClCompile>
    <ClCompile Include="HealthComponent.cpp">
      <Filter>Component Files</Filter>
    </ClCompile>
    <ClCompile Include="enemy.cpp">
      <Filter>Source Files\Enemy</Filter>
    </ClCompile>
    <ClCompile Include="enemyBulletManager.cpp">
      <Filter>Source Files\Enemy</Filter>
    </ClCompile>
    <ClCompile Include="enemyManager.cpp">
      <Filter>Source Files\Enemy</Filter>
    </ClCompile>
    <ClCompile Include="fireBall.cpp">
      <Filter>Source Files\Enemy</Filter>
    </ClCompile>
    <ClCompile Include="gunner.cpp">
      <Filter>Source Files\Enemy</Filter>
    </ClCompile>
    <ClCompile Include="healthbar.cpp">
      <Filter>Source Files\Enemy</Filter>
    </ClCompile>
    <ClCompile Include="rayCasting.cpp">
      <Filter>Source Files\Enemy</Filter>
    </ClCompile>
    <ClCompile Include="serpant.cpp">
      <Filter>Source Files\Enemy</Filter>
    </ClCompile>
    <ClCompile Include="trooper.cpp">
      <Filter>Source Files\Enemy</Filter>
    </ClCompile>
    <ClCompile Include="HealthComponent.cpp">
      <Filter>Component Files</Filter>
    </ClCompile>
    <ClCompile Include="leftFill.cpp">
      <Filter>Source Files</Filter>
    </ClCompile>
    <ClCompile Include="rightFill.cpp">
      <Filter>Source Files</Filter>
    </ClCompile>
    <ClCompile Include="dashboard.cpp">
      <Filter>Source Files</Filter>
    </ClCompile>
    <ClCompile Include="button.cpp">
      <Filter>Source Files</Filter>
    </ClCompile>
    <ClCompile Include="MovementComponent.cpp">
      <Filter>Component Files</Filter>
    </ClCompile>
    <ClCompile Include="pickup.cpp">
      <Filter>Source Files</Filter>
    </ClCompile>
    <ClCompile Include="pickupArrow.cpp">
      <Filter>Source Files</Filter>
    </ClCompile>
    <ClCompile Include="pickupHP.cpp">
      <Filter>Source Files</Filter>
    </ClCompile>
    <ClCompile Include="pickupStone.cpp">
      <Filter>Source Files</Filter>
    </ClCompile>
    <ClCompile Include="playerBar.cpp">
      <Filter>Source Files</Filter>
    </ClCompile>
    <ClCompile Include="keyBinding.cpp">
      <Filter>Source Files</Filter>
    </ClCompile>
  </ItemGroup>
  <ItemGroup>
    <ClInclude Include="audio.h">
      <Filter>Header Files</Filter>
    </ClInclude>
    <ClInclude Include="constants.h">
      <Filter>Header Files</Filter>
    </ClInclude>
    <ClInclude Include="entity.h">
      <Filter>Header Files</Filter>
    </ClInclude>
    <ClInclude Include="game.h">
      <Filter>Header Files</Filter>
    </ClInclude>
    <ClInclude Include="gameError.h">
      <Filter>Header Files</Filter>
    </ClInclude>
    <ClInclude Include="graphics.h">
      <Filter>Header Files</Filter>
    </ClInclude>
    <ClInclude Include="image.h">
      <Filter>Header Files</Filter>
    </ClInclude>
    <ClInclude Include="input.h">
      <Filter>Header Files</Filter>
    </ClInclude>
    <ClInclude Include="textDX.h">
      <Filter>Header Files</Filter>
    </ClInclude>
    <ClInclude Include="textureManager.h">
      <Filter>Header Files</Filter>
    </ClInclude>
    <ClInclude Include="assassinValkyrie.h">
      <Filter>Header Files</Filter>
    </ClInclude>
    <ClInclude Include="mainMenu.h">
      <Filter>Header Files</Filter>
    </ClInclude>
    <ClInclude Include="MovementComponent.h">
      <Filter>Component Files</Filter>
    </ClInclude>
    <ClInclude Include="AttackComponent.h">
      <Filter>Component Files</Filter>
    </ClInclude>
    <ClInclude Include="cursor.h">
      <Filter>Header Files</Filter>
    </ClInclude>
    <ClInclude Include="background.h">
      <Filter>Header Files</Filter>
    </ClInclude>
    <ClInclude Include="fill.h">
      <Filter>Header Files</Filter>
    </ClInclude>
    <ClInclude Include="floor.h">
      <Filter>Header Files</Filter>
    </ClInclude>
    <ClInclude Include="hideout.h">
      <Filter>Header Files</Filter>
    </ClInclude>
    <ClInclude Include="horizontalLoader.h">
      <Filter>Header Files</Filter>
    </ClInclude>
    <ClInclude Include="ladder.h">
      <Filter>Header Files</Filter>
    </ClInclude>
    <ClInclude Include="stageGenerator.h">
      <Filter>Header Files</Filter>
    </ClInclude>
    <ClInclude Include="verticalLoader.h">
      <Filter>Header Files</Filter>
    </ClInclude>
    <ClInclude Include="bullet.h">
      <Filter>Header Files</Filter>
    </ClInclude>
    <ClInclude Include="Player.h">
      <Filter>Header Files</Filter>
    </ClInclude>
    <ClInclude Include="arrow.h">
      <Filter>Header Files</Filter>
    </ClInclude>
    <ClInclude Include="weaponManager.h">
      <Filter>Header Files</Filter>
    </ClInclude>
    <ClInclude Include="HealthComponent.h">
      <Filter>Component Files</Filter>
    </ClInclude>
    <ClInclude Include="stone.h">
      <Filter>Header Files</Filter>
    </ClInclude>
    <ClInclude Include="alertState.h">
      <Filter>State Files\Enemy State</Filter>
    </ClInclude>
    <ClInclude Include="standState.h">
      <Filter>State Files\Enemy State</Filter>
    </ClInclude>
    <ClInclude Include="returnState.h">
      <Filter>State Files\Enemy State</Filter>
    </ClInclude>
    <ClInclude Include="patrolState.h">
      <Filter>State Files\Enemy State</Filter>
    </ClInclude>
    <ClInclude Include="enemyState.h">
      <Filter>State Files\Enemy State</Filter>
    </ClInclude>
    <ClInclude Include="CrouchingState.h">
      <Filter>State Files\Player State</Filter>
    </ClInclude>
    <ClInclude Include="CrouchWalkingState.h">
      <Filter>State Files\Player State</Filter>
    </ClInclude>
    <ClInclude Include="JumpingState.h">
      <Filter>State Files\Player State</Filter>
    </ClInclude>
    <ClInclude Include="MeleeAttackState.h">
      <Filter>State Files\Player State</Filter>
    </ClInclude>
    <ClInclude Include="PlayerState.h">
      <Filter>State Files\Player State</Filter>
    </ClInclude>
    <ClInclude Include="RangeAttackState.h">
      <Filter>State Files\Player State</Filter>
    </ClInclude>
    <ClInclude Include="RunningState.h">
      <Filter>State Files\Player State</Filter>
    </ClInclude>
    <ClInclude Include="StandingState.h">
      <Filter>State Files\Player State</Filter>
    </ClInclude>
    <ClInclude Include="levelLoader.h">
      <Filter>Header Files</Filter>
    </ClInclude>
    <ClInclude Include="enemy.h">
      <Filter>Header Files\Enemy</Filter>
    </ClInclude>
    <ClInclude Include="enemyBulletManager.h">
      <Filter>Header Files\Enemy</Filter>
    </ClInclude>
    <ClInclude Include="enemyManager.h">
      <Filter>Header Files\Enemy</Filter>
    </ClInclude>
    <ClInclude Include="fireBall.h">
      <Filter>Header Files\Enemy</Filter>
    </ClInclude>
    <ClInclude Include="gunner.h">
      <Filter>Header Files\Enemy</Filter>
    </ClInclude>
    <ClInclude Include="healthBar.h">
      <Filter>Header Files\Enemy</Filter>
    </ClInclude>
    <ClInclude Include="rayCasting.h">
      <Filter>Header Files\Enemy</Filter>
    </ClInclude>
    <ClInclude Include="serpant.h">
      <Filter>Header Files\Enemy</Filter>
    </ClInclude>
    <ClInclude Include="trooper.h">
      <Filter>Header Files\Enemy</Filter>
    </ClInclude>
    <ClInclude Include="FallingState.h">
      <Filter>State Files\Player State</Filter>
    </ClInclude>
    <ClInclude Include="ThrowingState.h">
      <Filter>State Files\Player State</Filter>
    </ClInclude>
    <ClInclude Include="leftFill.h">
      <Filter>Header Files</Filter>
    </ClInclude>
    <ClInclude Include="rightFill.h">
      <Filter>Header Files</Filter>
    </ClInclude>
    <ClInclude Include="button.h">
      <Filter>Header Files</Filter>
    </ClInclude>
    <ClInclude Include="dashboard.h">
      <Filter>Header Files</Filter>
    </ClInclude>
    <ClInclude Include="pickup.h">
      <Filter>Header Files</Filter>
    </ClInclude>
    <ClInclude Include="pickupArrow.h">
      <Filter>Header Files</Filter>
    </ClInclude>
    <ClInclude Include="pickupHP.h">
      <Filter>Header Files</Filter>
    </ClInclude>
    <ClInclude Include="pickupStone.h">
      <Filter>Header Files</Filter>
    </ClInclude>
    <ClInclude Include="AssassinateState.h">
      <Filter>State Files\Player State</Filter>
    </ClInclude>
    <ClInclude Include="playerBar.h">
      <Filter>Header Files</Filter>
    </ClInclude>
    <ClInclude Include="distractedState.h">
      <Filter>State Files\Enemy State</Filter>
    </ClInclude>
    <ClInclude Include="ClimbReadyState.h">
      <Filter>State Files\Player State</Filter>
    </ClInclude>
    <ClInclude Include="ClimbingState.h">
      <Filter>State Files\Player State</Filter>
    </ClInclude>
    <ClInclude Include="keyBinding.h">
      <Filter>Header Files</Filter>
    </ClInclude>
  </ItemGroup>
  <ItemGroup>
    <Filter Include="Header Files">
      <UniqueIdentifier>{a1d55fed-646f-46b8-8071-06b8a5aac70d}</UniqueIdentifier>
    </Filter>
    <Filter Include="Source Files">
      <UniqueIdentifier>{9125c46d-4ebe-4d11-b637-1276145c5361}</UniqueIdentifier>
    </Filter>
    <Filter Include="Component Files">
      <UniqueIdentifier>{5012e072-923a-4864-b4b4-074baaeda7a4}</UniqueIdentifier>
    </Filter>
    <Filter Include="State Files">
      <UniqueIdentifier>{2d3c2623-b539-456c-a906-adfb5012dc2f}</UniqueIdentifier>
    </Filter>
    <Filter Include="State Files\Enemy State">
      <UniqueIdentifier>{7b5fcb26-ad4e-47b0-84bf-a97367017ea3}</UniqueIdentifier>
    </Filter>
    <Filter Include="State Files\Player State">
      <UniqueIdentifier>{8c77f9c7-f8b3-4b20-b1e8-8e48804fb00f}</UniqueIdentifier>
    </Filter>
    <Filter Include="Header Files\Enemy">
      <UniqueIdentifier>{7d838af9-479e-459a-99ad-0fb6f7de2373}</UniqueIdentifier>
    </Filter>
    <Filter Include="Source Files\Enemy">
      <UniqueIdentifier>{2c25fea8-56b2-43b8-ac24-6f34b08eb311}</UniqueIdentifier>
    </Filter>
  </ItemGroup>
  <ItemGroup>
    <Text Include="1-horizontal.txt" />
    <Text Include="1-vertical.txt" />
    <Text Include="map.txt" />
  </ItemGroup>
</Project>